
Microsoft Visual Studio Solution File, Format Version 12.00
# Visual Studio Version 17
VisualStudioVersion = 17.6.33723.286
MinimumVisualStudioVersion = 10.0.40219.1
Project("{FAE04EC0-301F-11D3-BF4B-00C04F79EFBC}") = "Entities", "Entities\Entities.csproj", "{00AE3AC6-84D0-41C0-A164-BE03A57FF43F}"
EndProject
Project("{FAE04EC0-301F-11D3-BF4B-00C04F79EFBC}") = "DataAccess", "DataAccess\DataAccess.csproj", "{16EDB753-9A64-4934-9CA5-155A90CFAFCB}"
EndProject
Project("{FAE04EC0-301F-11D3-BF4B-00C04F79EFBC}") = "Business", "Business\Business.csproj", "{597D2DB8-F3DB-4806-88AD-E49A895E4C73}"
EndProject
Project("{FAE04EC0-301F-11D3-BF4B-00C04F79EFBC}") = "Core", "Core\Core.csproj", "{DC04B43F-B1A7-44A9-A26D-9C41EB0BBC07}"
EndProject
Project("{FAE04EC0-301F-11D3-BF4B-00C04F79EFBC}") = "WebAPI", "WebAPI\WebAPI.csproj", "{0A33877D-F409-4D0A-A884-A31B8F0BE521}"
EndProject
Global
	GlobalSection(SolutionConfigurationPlatforms) = preSolution
		Debug|Any CPU = Debug|Any CPU
		Release|Any CPU = Release|Any CPU
	EndGlobalSection
	GlobalSection(ProjectConfigurationPlatforms) = postSolution
		{00AE3AC6-84D0-41C0-A164-BE03A57FF43F}.Debug|Any CPU.ActiveCfg = Debug|Any CPU
		{00AE3AC6-84D0-41C0-A164-BE03A57FF43F}.Debug|Any CPU.Build.0 = Debug|Any CPU
		{00AE3AC6-84D0-41C0-A164-BE03A57FF43F}.Release|Any CPU.ActiveCfg = Release|Any CPU
		{00AE3AC6-84D0-41C0-A164-BE03A57FF43F}.Release|Any CPU.Build.0 = Release|Any CPU
		{16EDB753-9A64-4934-9CA5-155A90CFAFCB}.Debug|Any CPU.ActiveCfg = Debug|Any CPU
		{16EDB753-9A64-4934-9CA5-155A90CFAFCB}.Debug|Any CPU.Build.0 = Debug|Any CPU
		{16EDB753-9A64-4934-9CA5-155A90CFAFCB}.Release|Any CPU.ActiveCfg = Release|Any CPU
		{16EDB753-9A64-4934-9CA5-155A90CFAFCB}.Release|Any CPU.Build.0 = Release|Any CPU
		{597D2DB8-F3DB-4806-88AD-E49A895E4C73}.Debug|Any CPU.ActiveCfg = Debug|Any CPU
		{597D2DB8-F3DB-4806-88AD-E49A895E4C73}.Debug|Any CPU.Build.0 = Debug|Any CPU
		{597D2DB8-F3DB-4806-88AD-E49A895E4C73}.Release|Any CPU.ActiveCfg = Release|Any CPU
		{597D2DB8-F3DB-4806-88AD-E49A895E4C73}.Release|Any CPU.Build.0 = Release|Any CPU
		{DC04B43F-B1A7-44A9-A26D-9C41EB0BBC07}.Debug|Any CPU.ActiveCfg = Debug|Any CPU
		{DC04B43F-B1A7-44A9-A26D-9C41EB0BBC07}.Debug|Any CPU.Build.0 = Debug|Any CPU
		{DC04B43F-B1A7-44A9-A26D-9C41EB0BBC07}.Release|Any CPU.ActiveCfg = Release|Any CPU
		{DC04B43F-B1A7-44A9-A26D-9C41EB0BBC07}.Release|Any CPU.Build.0 = Release|Any CPU
		{0A33877D-F409-4D0A-A884-A31B8F0BE521}.Debug|Any CPU.ActiveCfg = Debug|Any CPU
		{0A33877D-F409-4D0A-A884-A31B8F0BE521}.Debug|Any CPU.Build.0 = Debug|Any CPU
		{0A33877D-F409-4D0A-A884-A31B8F0BE521}.Release|Any CPU.ActiveCfg = Release|Any CPU
		{0A33877D-F409-4D0A-A884-A31B8F0BE521}.Release|Any CPU.Build.0 = Release|Any CPU
	EndGlobalSection
	GlobalSection(SolutionProperties) = preSolution
		HideSolutionNode = FALSE
	EndGlobalSection
	GlobalSection(ExtensibilityGlobals) = postSolution
		SolutionGuid = {B8DFC3D4-5E86-4C51-9727-EF38CB814205}
	EndGlobalSection
EndGlobal
